Microsoft Visual Studio Solution File, Format Version 12.00
# Visual Studio Version 17
VisualStudioVersion = 17.5.2.0
MinimumVisualStudioVersion = 10.0.40219.1
Project("{FAE04EC0-301F-11D3-BF4B-00C04F79EFBC}") = "proyecto_pabon_yilber", "proyecto_pabon_yilber.csproj", "{CF580E73-F903-168A-5545-62B86CD49861}"
EndProject
Global
	GlobalSection(SolutionConfigurationPlatforms) = preSolution
		Debug|Any CPU = Debug|Any CPU
		Release|Any CPU = Release|Any CPU
	EndGlobalSection
	GlobalSection(ProjectConfigurationPlatforms) = postSolution
		{CF580E73-F903-168A-5545-62B86CD49861}.Debug|Any CPU.ActiveCfg = Debug|Any CPU
		{CF580E73-F903-168A-5545-62B86CD49861}.Debug|Any CPU.Build.0 = Debug|Any CPU
		{CF580E73-F903-168A-5545-62B86CD49861}.Release|Any CPU.ActiveCfg = Release|Any CPU
		{CF580E73-F903-168A-5545-62B86CD49861}.Release|Any CPU.Build.0 = Release|Any CPU
	EndGlobalSection
	GlobalSection(SolutionProperties) = preSolution
		HideSolutionNode = FALSE
	EndGlobalSection
	GlobalSection(ExtensibilityGlobals) = postSolution
		SolutionGuid = {EB5F4A04-76EA-4B55-9AD1-AE6E7CC0AC0A}
	EndGlobalSection
EndGlobal
